// !$*UTF8*$!
{
	archiveVersion = 1;
	classes = {
	};
	objectVersion = 50;
	objects = {

/* Begin PBXBuildFile section */
		2420C7FA23A4EA04008960C8 /* dates.json in Resources */ = {isa = PBXBuildFile; fileRef = 2420C7F923A4EA04008960C8 /* dates.json */; };
		24EFA23123A4E65C00BEDF29 /* AppDelegate.swift in Sources */ = {isa = PBXBuildFile; fileRef = 24EFA23023A4E65C00BEDF29 /* AppDelegate.swift */; };
		24EFA23323A4E65C00BEDF29 /* SceneDelegate.swift in Sources */ = {isa = PBXBuildFile; fileRef = 24EFA23223A4E65C00BEDF29 /* SceneDelegate.swift */; };
		24EFA23523A4E65C00BEDF29 /* ContentView.swift in Sources */ = {isa = PBXBuildFile; fileRef = 24EFA23423A4E65C00BEDF29 /* ContentView.swift */; };
		24EFA23723A4E65F00BEDF29 /* Assets.xcassets in Resources */ = {isa = PBXBuildFile; fileRef = 24EFA23623A4E65F00BEDF29 /* Assets.xcassets */; };
		24EFA23A23A4E65F00BEDF29 /* Preview Assets.xcassets in Resources */ = {isa = PBXBuildFile; fileRef = 24EFA23923A4E65F00BEDF29 /* Preview Assets.xcassets */; };
		24EFA23D23A4E65F00BEDF29 /* LaunchScreen.storyboard in Resources */ = {isa = PBXBuildFile; fileRef = 24EFA23B23A4E65F00BEDF29 /* LaunchScreen.storyboard */; };
		24EFA24823A4E65F00BEDF29 /* ClosedTests.swift in Sources */ = {isa = PBXBuildFile; fileRef = 24EFA24723A4E65F00BEDF29 /* ClosedTests.swift */; };
/* End PBXBuildFile section */

/* Begin PBXContainerItemProxy section */
		24EFA24423A4E65F00BEDF29 /* PBXContainerItemProxy */ = {
			isa = PBXContainerItemProxy;
			containerPortal = 24EFA22523A4E65C00BEDF29 /* Project object */;
			proxyType = 1;
			remoteGlobalIDString = 24EFA22C23A4E65C00BEDF29;
			remoteInfo = Closed;
		};
/* End PBXContainerItemProxy section */

/* Begin PBXFileReference section */
		2420C7F923A4EA04008960C8 /* dates.json */ = {isa = PBXFileReference; fileEncoding = 4; lastKnownFileType = text.json; path = dates.json; sourceTree = "<group>"; };
		24EFA22D23A4E65C00BEDF29 /* Closed.app */ = {isa = PBXFileReference; explicitFileType = wrapper.application; includeInIndex = 0; path = Closed.app; sourceTree = BUILT_PRODUCTS_DIR; };
		24EFA23023A4E65C00BEDF29 /* AppDelegate.swift */ = {isa = PBXFileReference; lastKnownFileType = sourcecode.swift; path = AppDelegate.swift; sourceTree = "<group>"; };
		24EFA23223A4E65C00BEDF29 /* SceneDelegate.swift */ = {isa = PBXFileReference; lastKnownFileType = sourcecode.swift; path = SceneDelegate.swift; sourceTree = "<group>"; };
		24EFA23423A4E65C00BEDF29 /* ContentView.swift */ = {isa = PBXFileReference; lastKnownFileType = sourcecode.swift; path = ContentView.swift; sourceTree = "<group>"; };
		24EFA23623A4E65F00BEDF29 /* Assets.xcassets */ = {isa = PBXFileReference; lastKnownFileType = folder.assetcatalog; path = Assets.xcassets; sourceTree = "<group>"; };
		24EFA23923A4E65F00BEDF29 /* Preview Assets.xcassets */ = {isa = PBXFileReference; lastKnownFileType = folder.assetcatalog; path = "Preview Assets.xcassets"; sourceTree = "<group>"; };
		24EFA23C23A4E65F00BEDF29 /* Base */ = {isa = PBXFileReference; lastKnownFileType = file.storyboard; name = Base; path = Base.lproj/LaunchScreen.storyboard; sourceTree = "<group>"; };
		24EFA23E23A4E65F00BEDF29 /* Info.plist */ = {isa = PBXFileReference; lastKnownFileType = text.plist.xml; path = Info.plist; sourceTree = "<group>"; };
		24EFA24323A4E65F00BEDF29 /* ClosedTests.xctest */ = {isa = PBXFileReference; explicitFileType = wrapper.cfbundle; includeInIndex = 0; path = ClosedTests.xctest; sourceTree = BUILT_PRODUCTS_DIR; };
		24EFA24723A4E65F00BEDF29 /* ClosedTests.swift */ = {isa = PBXFileReference; lastKnownFileType = sourcecode.swift; path = ClosedTests.swift; sourceTree = "<group>"; };
		24EFA24923A4E65F00BEDF29 /* Info.plist */ = {isa = PBXFileReference; lastKnownFileType = text.plist.xml; path = Info.plist; sourceTree = "<group>"; };
/* End PBXFileReference section */

/* Begin PBXFrameworksBuildPhase section */
		24EFA22A23A4E65C00BEDF29 /* Frameworks */ = {
			isa = PBXFrameworksBuildPhase;
			buildActionMask = 2147483647;
			files = (
			);
			runOnlyForDeploymentPostprocessing = 0;
		};
		24EFA24023A4E65F00BEDF29 /* Frameworks */ = {
			isa = PBXFrameworksBuildPhase;
			buildActionMask = 2147483647;
			files = (
			);
			runOnlyForDeploymentPostprocessing = 0;
		};
/* End PBXFrameworksBuildPhase section */

/* Begin PBXGroup section */
		2420C7F523A4E8C0008960C8 /* Resources */ = {
			isa = PBXGroup;
			children = (
				24EFA23623A4E65F00BEDF29 /* Assets.xcassets */,
				2420C7F923A4EA04008960C8 /* dates.json */,
				24EFA23B23A4E65F00BEDF29 /* LaunchScreen.storyboard */,
			);
			path = Resources;
			sourceTree = "<group>";
		};
		2420C7F623A4E8D1008960C8 /* Configuration */ = {
			isa = PBXGroup;
			children = (
				24EFA23023A4E65C00BEDF29 /* AppDelegate.swift */,
				24EFA23223A4E65C00BEDF29 /* SceneDelegate.swift */,
				24EFA23E23A4E65F00BEDF29 /* Info.plist */,
			);
			path = Configuration;
			sourceTree = "<group>";
		};
		2420C7F723A4E951008960C8 /* Module */ = {
			isa = PBXGroup;
			children = (
				24EFA23423A4E65C00BEDF29 /* ContentView.swift */,
			);
			path = Module;
			sourceTree = "<group>";
		};
		24EFA22423A4E65C00BEDF29 = {
			isa = PBXGroup;
			children = (
				24EFA22F23A4E65C00BEDF29 /* Closed */,
				24EFA24623A4E65F00BEDF29 /* ClosedTests */,
				24EFA22E23A4E65C00BEDF29 /* Products */,
			);
			sourceTree = "<group>";
		};
		24EFA22E23A4E65C00BEDF29 /* Products */ = {
			isa = PBXGroup;
			children = (
				24EFA22D23A4E65C00BEDF29 /* Closed.app */,
				24EFA24323A4E65F00BEDF29 /* ClosedTests.xctest */,
			);
			name = Products;
			sourceTree = "<group>";
		};
		24EFA22F23A4E65C00BEDF29 /* Closed */ = {
			isa = PBXGroup;
			children = (
				2420C7F623A4E8D1008960C8 /* Configuration */,
				2420C7F723A4E951008960C8 /* Module */,
				2420C7F523A4E8C0008960C8 /* Resources */,
				24EFA23823A4E65F00BEDF29 /* Preview Content */,
			);
			path = Closed;
			sourceTree = "<group>";
		};
		24EFA23823A4E65F00BEDF29 /* Preview Content */ = {
			isa = PBXGroup;
			children = (
				24EFA23923A4E65F00BEDF29 /* Preview Assets.xcassets */,
			);
			path = "Preview Content";
			sourceTree = "<group>";
		};
		24EFA24623A4E65F00BEDF29 /* ClosedTests */ = {
			isa = PBXGroup;
			children = (
				24EFA24723A4E65F00BEDF29 /* ClosedTests.swift */,
				24EFA24923A4E65F00BEDF29 /* Info.plist */,
			);
			path = ClosedTests;
			sourceTree = "<group>";
		};
/* End PBXGroup section */

/* Begin PBXNativeTarget section */
		24EFA22C23A4E65C00BEDF29 /* Closed */ = {
			isa = PBXNativeTarget;
			buildConfigurationList = 24EFA24C23A4E65F00BEDF29 /* Build configuration list for PBXNativeTarget "Closed" */;
			buildPhases = (
				24EFA22923A4E65C00BEDF29 /* Sources */,
				24EFA22A23A4E65C00BEDF29 /* Frameworks */,
				24EFA22B23A4E65C00BEDF29 /* Resources */,
				2420C80523A4EDE8008960C8 /* ShellScript */,
			);
			buildRules = (
			);
			dependencies = (
			);
			name = Closed;
			productName = Closed;
			productReference = 24EFA22D23A4E65C00BEDF29 /* Closed.app */;
			productType = "com.apple.product-type.application";
		};
		24EFA24223A4E65F00BEDF29 /* ClosedTests */ = {
			isa = PBXNativeTarget;
			buildConfigurationList = 24EFA24F23A4E65F00BEDF29 /* Build configuration list for PBXNativeTarget "ClosedTests" */;
			buildPhases = (
				24EFA23F23A4E65F00BEDF29 /* Sources */,
				24EFA24023A4E65F00BEDF29 /* Frameworks */,
				24EFA24123A4E65F00BEDF29 /* Resources */,
			);
			buildRules = (
			);
			dependencies = (
				24EFA24523A4E65F00BEDF29 /* PBXTargetDependency */,
			);
			name = ClosedTests;
			productName = ClosedTests;
			productReference = 24EFA24323A4E65F00BEDF29 /* ClosedTests.xctest */;
			productType = "com.apple.product-type.bundle.unit-test";
		};
/* End PBXNativeTarget section */

/* Begin PBXProject section */
		24EFA22523A4E65C00BEDF29 /* Project object */ = {
			isa = PBXProject;
			attributes = {
				LastSwiftUpdateCheck = 1130;
				LastUpgradeCheck = 1130;
				ORGANIZATIONNAME = "Piotr Prokopowicz";
				TargetAttributes = {
					24EFA22C23A4E65C00BEDF29 = {
						CreatedOnToolsVersion = 11.3;
					};
					24EFA24223A4E65F00BEDF29 = {
						CreatedOnToolsVersion = 11.3;
						TestTargetID = 24EFA22C23A4E65C00BEDF29;
					};
				};
			};
			buildConfigurationList = 24EFA22823A4E65C00BEDF29 /* Build configuration list for PBXProject "Closed" */;
			compatibilityVersion = "Xcode 9.3";
			developmentRegion = en;
			hasScannedForEncodings = 0;
			knownRegions = (
				en,
				Base,
			);
			mainGroup = 24EFA22423A4E65C00BEDF29;
			productRefGroup = 24EFA22E23A4E65C00BEDF29 /* Products */;
			projectDirPath = "";
			projectRoot = "";
			targets = (
				24EFA22C23A4E65C00BEDF29 /* Closed */,
				24EFA24223A4E65F00BEDF29 /* ClosedTests */,
			);
		};
/* End PBXProject section */

/* Begin PBXResourcesBuildPhase section */
		24EFA22B23A4E65C00BEDF29 /* Resources */ = {
			isa = PBXResourcesBuildPhase;
			buildActionMask = 2147483647;
			files = (
				24EFA23D23A4E65F00BEDF29 /* LaunchScreen.storyboard in Resources */,
				24EFA23A23A4E65F00BEDF29 /* Preview Assets.xcassets in Resources */,
				24EFA23723A4E65F00BEDF29 /* Assets.xcassets in Resources */,
				2420C7FA23A4EA04008960C8 /* dates.json in Resources */,
			);
			runOnlyForDeploymentPostprocessing = 0;
		};
		24EFA24123A4E65F00BEDF29 /* Resources */ = {
			isa = PBXResourcesBuildPhase;
			buildActionMask = 2147483647;
			files = (
			);
			runOnlyForDeploymentPostprocessing = 0;
		};
/* End PBXResourcesBuildPhase section */

/* Begin PBXShellScriptBuildPhase section */
		2420C80523A4EDE8008960C8 /* ShellScript */ = {
			isa = PBXShellScriptBuildPhase;
			buildActionMask = 2147483647;
			files = (
			);
			inputFileListPaths = (
			);
			inputPaths = (
			);
			outputFileListPaths = (
			);
			outputPaths = (
			);
			runOnlyForDeploymentPostprocessing = 0;
			shellPath = /bin/sh;
			shellScript = "if which swiftlint >/dev/null; then\n  swiftlint\nelse\n  echo \"warning: SwiftLint not installed, download from https://github.com/realm/SwiftLint\"\nfi\n";
		};
/* End PBXShellScriptBuildPhase section */

/* Begin PBXSourcesBuildPhase section */
		24EFA22923A4E65C00BEDF29 /* Sources */ = {
			isa = PBXSourcesBuildPhase;
			buildActionMask = 2147483647;
			files = (
				24EFA23123A4E65C00BEDF29 /* AppDelegate.swift in Sources */,
				24EFA23323A4E65C00BEDF29 /* SceneDelegate.swift in Sources */,
				24EFA23523A4E65C00BEDF29 /* ContentView.swift in Sources */,
			);
			runOnlyForDeploymentPostprocessing = 0;
		};
		24EFA23F23A4E65F00BEDF29 /* Sources */ = {
			isa = PBXSourcesBuildPhase;
			buildActionMask = 2147483647;
			files = (
				24EFA24823A4E65F00BEDF29 /* ClosedTests.swift in Sources */,
			);
			runOnlyForDeploymentPostprocessing = 0;
		};
/* End PBXSourcesBuildPhase section */

/* Begin PBXTargetDependency section */
		24EFA24523A4E65F00BEDF29 /* PBXTargetDependency */ = {
			isa = PBXTargetDependency;
			target = 24EFA22C23A4E65C00BEDF29 /* Closed */;
			targetProxy = 24EFA24423A4E65F00BEDF29 /* PBXContainerItemProxy */;
		};
/* End PBXTargetDependency section */

/* Begin PBXVariantGroup section */
		24EFA23B23A4E65F00BEDF29 /* LaunchScreen.storyboard */ = {
			isa = PBXVariantGroup;
			children = (
				24EFA23C23A4E65F00BEDF29 /* Base */,
			);
			name = LaunchScreen.storyboard;
			sourceTree = "<group>";
		};
/* End PBXVariantGroup section */

/* Begin XCBuildConfiguration section */
		24EFA24A23A4E65F00BEDF29 /* Debug */ = {
			isa = XCBuildConfiguration;
			buildSettings = {
				ALWAYS_SEARCH_USER_PATHS = NO;
				CLANG_ANALYZER_NONNULL = YES;
				CLANG_ANALYZER_NUMBER_OBJECT_CONVERSION = YES_AGGRESSIVE;
				CLANG_CXX_LANGUAGE_STANDARD = "gnu++14";
				CLANG_CXX_LIBRARY = "libc++";
				CLANG_ENABLE_MODULES = YES;
				CLANG_ENABLE_OBJC_ARC = YES;
				CLANG_ENABLE_OBJC_WEAK = YES;
				CLANG_WARN_BLOCK_CAPTURE_AUTORELEASING = YES;
				CLANG_WARN_BOOL_CONVERSION = YES;
				CLANG_WARN_COMMA = YES;
				CLANG_WARN_CONSTANT_CONVERSION = YES;
				CLANG_WARN_DEPRECATED_OBJC_IMPLEMENTATIONS = YES;
				CLANG_WARN_DIRECT_OBJC_ISA_USAGE = YES_ERROR;
				CLANG_WARN_DOCUMENTATION_COMMENTS = YES;
				CLANG_WARN_EMPTY_BODY = YES;
				CLANG_WARN_ENUM_CONVERSION = YES;
				CLANG_WARN_INFINITE_RECURSION = YES;
				CLANG_WARN_INT_CONVERSION = YES;
				CLANG_WARN_NON_LITERAL_NULL_CONVERSION = YES;
				CLANG_WARN_OBJC_IMPLICIT_RETAIN_SELF = YES;
				CLANG_WARN_OBJC_LITERAL_CONVERSION = YES;
				CLANG_WARN_OBJC_ROOT_CLASS = YES_ERROR;
				CLANG_WARN_RANGE_LOOP_ANALYSIS = YES;
				CLANG_WARN_STRICT_PROTOTYPES = YES;
				CLANG_WARN_SUSPICIOUS_MOVE = YES;
				CLANG_WARN_UNGUARDED_AVAILABILITY = YES_AGGRESSIVE;
				CLANG_WARN_UNREACHABLE_CODE = YES;
				CLANG_WARN__DUPLICATE_METHOD_MATCH = YES;
				COPY_PHASE_STRIP = NO;
				DEBUG_INFORMATION_FORMAT = dwarf;
				ENABLE_STRICT_OBJC_MSGSEND = YES;
				ENABLE_TESTABILITY = YES;
				GCC_C_LANGUAGE_STANDARD = gnu11;
				GCC_DYNAMIC_NO_PIC = NO;
				GCC_NO_COMMON_BLOCKS = YES;
				GCC_OPTIMIZATION_LEVEL = 0;
				GCC_PREPROCESSOR_DEFINITIONS = (
					"DEBUG=1",
					"$(inherited)",
				);
				GCC_WARN_64_TO_32_BIT_CONVERSION = YES;
				GCC_WARN_ABOUT_RETURN_TYPE = YES_ERROR;
				GCC_WARN_UNDECLARED_SELECTOR = YES;
				GCC_WARN_UNINITIALIZED_AUTOS = YES_AGGRESSIVE;
				GCC_WARN_UNUSED_FUNCTION = YES;
				GCC_WARN_UNUSED_VARIABLE = YES;
				IPHONEOS_DEPLOYMENT_TARGET = 13.2;
				MTL_ENABLE_DEBUG_INFO = INCLUDE_SOURCE;
				MTL_FAST_MATH = YES;
				ONLY_ACTIVE_ARCH = YES;
				SDKROOT = iphoneos;
				SWIFT_ACTIVE_COMPILATION_CONDITIONS = DEBUG;
				SWIFT_OPTIMIZATION_LEVEL = "-Onone";
			};
			name = Debug;
		};
		24EFA24B23A4E65F00BEDF29 /* Release */ = {
			isa = XCBuildConfiguration;
			buildSettings = {
				ALWAYS_SEARCH_USER_PATHS = NO;
				CLANG_ANALYZER_NONNULL = YES;
				CLANG_ANALYZER_NUMBER_OBJECT_CONVERSION = YES_AGGRESSIVE;
				CLANG_CXX_LANGUAGE_STANDARD = "gnu++14";
				CLANG_CXX_LIBRARY = "libc++";
				CLANG_ENABLE_MODULES = YES;
				CLANG_ENABLE_OBJC_ARC = YES;
				CLANG_ENABLE_OBJC_WEAK = YES;
				CLANG_WARN_BLOCK_CAPTURE_AUTORELEASING = YES;
				CLANG_WARN_BOOL_CONVERSION = YES;
				CLANG_WARN_COMMA = YES;
				CLANG_WARN_CONSTANT_CONVERSION = YES;
				CLANG_WARN_DEPRECATED_OBJC_IMPLEMENTATIONS = YES;
				CLANG_WARN_DIRECT_OBJC_ISA_USAGE = YES_ERROR;
				CLANG_WARN_DOCUMENTATION_COMMENTS = YES;
				CLANG_WARN_EMPTY_BODY = YES;
				CLANG_WARN_ENUM_CONVERSION = YES;
				CLANG_WARN_INFINITE_RECURSION = YES;
				CLANG_WARN_INT_CONVERSION = YES;
				CLANG_WARN_NON_LITERAL_NULL_CONVERSION = YES;
				CLANG_WARN_OBJC_IMPLICIT_RETAIN_SELF = YES;
				CLANG_WARN_OBJC_LITERAL_CONVERSION = YES;
				CLANG_WARN_OBJC_ROOT_CLASS = YES_ERROR;
				CLANG_WARN_RANGE_LOOP_ANALYSIS = YES;
				CLANG_WARN_STRICT_PROTOTYPES = YES;
				CLANG_WARN_SUSPICIOUS_MOVE = YES;
				CLANG_WARN_UNGUARDED_AVAILABILITY = YES_AGGRESSIVE;
				CLANG_WARN_UNREACHABLE_CODE = YES;
				CLANG_WARN__DUPLICATE_METHOD_MATCH = YES;
				COPY_PHASE_STRIP = NO;
				DEBUG_INFORMATION_FORMAT = "dwarf-with-dsym";
				ENABLE_NS_ASSERTIONS = NO;
				ENABLE_STRICT_OBJC_MSGSEND = YES;
				GCC_C_LANGUAGE_STANDARD = gnu11;
				GCC_NO_COMMON_BLOCKS = YES;
				GCC_WARN_64_TO_32_BIT_CONVERSION = YES;
				GCC_WARN_ABOUT_RETURN_TYPE = YES_ERROR;
				GCC_WARN_UNDECLARED_SELECTOR = YES;
				GCC_WARN_UNINITIALIZED_AUTOS = YES_AGGRESSIVE;
				GCC_WARN_UNUSED_FUNCTION = YES;
				GCC_WARN_UNUSED_VARIABLE = YES;
				IPHONEOS_DEPLOYMENT_TARGET = 13.2;
				MTL_ENABLE_DEBUG_INFO = NO;
				MTL_FAST_MATH = YES;
				SDKROOT = iphoneos;
				SWIFT_COMPILATION_MODE = wholemodule;
				SWIFT_OPTIMIZATION_LEVEL = "-O";
				VALIDATE_PRODUCT = YES;
			};
			name = Release;
		};
		24EFA24D23A4E65F00BEDF29 /* Debug */ = {
			isa = XCBuildConfiguration;
			buildSettings = {
				ASSETCATALOG_COMPILER_APPICON_NAME = AppIcon;
				CODE_SIGN_STYLE = Automatic;
				DEVELOPMENT_ASSET_PATHS = "\"Closed/Preview Content\"";
				DEVELOPMENT_TEAM = NE64KXLJA8;
				ENABLE_PREVIEWS = YES;
				INFOPLIST_FILE = Closed/Configuration/Info.plist;
				LD_RUNPATH_SEARCH_PATHS = (
					"$(inherited)",
					"@executable_path/Frameworks",
				);
				PRODUCT_BUNDLE_IDENTIFIER = com.pprokopowicz.Closed;
				PRODUCT_NAME = "$(TARGET_NAME)";
				SWIFT_VERSION = 5.0;
				TARGETED_DEVICE_FAMILY = "1,2";
			};
			name = Debug;
		};
		24EFA24E23A4E65F00BEDF29 /* Release */ = {
			isa = XCBuildConfiguration;
			buildSettings = {
				ASSETCATALOG_COMPILER_APPICON_NAME = AppIcon;
				CODE_SIGN_STYLE = Automatic;
				DEVELOPMENT_ASSET_PATHS = "\"Closed/Preview Content\"";
				DEVELOPMENT_TEAM = NE64KXLJA8;
				ENABLE_PREVIEWS = YES;
				INFOPLIST_FILE = Closed/Configuration/Info.plist;
				LD_RUNPATH_SEARCH_PATHS = (
					"$(inherited)",
					"@executable_path/Frameworks",
				);
				PRODUCT_BUNDLE_IDENTIFIER = com.pprokopowicz.Closed;
				PRODUCT_NAME = "$(TARGET_NAME)";
				SWIFT_VERSION = 5.0;
				TARGETED_DEVICE_FAMILY = "1,2";
			};
			name = Release;
		};
		24EFA25023A4E65F00BEDF29 /* Debug */ = {
			isa = XCBuildConfiguration;
			buildSettings = {
				ALWAYS_EMBED_SWIFT_STANDARD_LIBRARIES = YES;
				BUNDLE_LOADER = "$(TEST_HOST)";
				CODE_SIGN_STYLE = Automatic;
				DEVELOPMENT_TEAM = NE64KXLJA8;
				INFOPLIST_FILE = ClosedTests/Info.plist;
				IPHONEOS_DEPLOYMENT_TARGET = 13.2;
				LD_RUNPATH_SEARCH_PATHS = (
					"$(inherited)",
					"@executable_path/Frameworks",
					"@loader_path/Frameworks",
				);
				PRODUCT_BUNDLE_IDENTIFIER = com.pprokopowicz.ClosedTests;
				PRODUCT_NAME = "$(TARGET_NAME)";
				SWIFT_VERSION = 5.0;
				TARGETED_DEVICE_FAMILY = "1,2";
				TEST_HOST = "$(BUILT_PRODUCTS_DIR)/Closed.app/Closed";
			};
			name = Debug;
		};
		24EFA25123A4E65F00BEDF29 /* Release */ = {
			isa = XCBuildConfiguration;
			buildSettings = {
				ALWAYS_EMBED_SWIFT_STANDARD_LIBRARIES = YES;
				BUNDLE_LOADER = "$(TEST_HOST)";
				CODE_SIGN_STYLE = Automatic;
				DEVELOPMENT_TEAM = NE64KXLJA8;
				INFOPLIST_FILE = ClosedTests/Info.plist;
				IPHONEOS_DEPLOYMENT_TARGET = 13.2;
				LD_RUNPATH_SEARCH_PATHS = (
					"$(inherited)",
					"@executable_path/Frameworks",
					"@loader_path/Frameworks",
				);
				PRODUCT_BUNDLE_IDENTIFIER = com.pprokopowicz.ClosedTests;
				PRODUCT_NAME = "$(TARGET_NAME)";
				SWIFT_VERSION = 5.0;
				TARGETED_DEVICE_FAMILY = "1,2";
				TEST_HOST = "$(BUILT_PRODUCTS_DIR)/Closed.app/Closed";
			};
			name = Release;
		};
/* End XCBuildConfiguration section */

/* Begin XCConfigurationList section */
		24EFA22823A4E65C00BEDF29 /* Build configuration list for PBXProject "Closed" */ = {
			isa = XCConfigurationList;
			buildConfigurations = (
				24EFA24A23A4E65F00BEDF29 /* Debug */,
				24EFA24B23A4E65F00BEDF29 /* Release */,
			);
			defaultConfigurationIsVisible = 0;
			defaultConfigurationName = Release;
		};
		24EFA24C23A4E65F00BEDF29 /* Build configuration list for PBXNativeTarget "Closed" */ = {
			isa = XCConfigurationList;
			buildConfigurations = (
				24EFA24D23A4E65F00BEDF29 /* Debug */,
				24EFA24E23A4E65F00BEDF29 /* Release */,
			);
			defaultConfigurationIsVisible = 0;
			defaultConfigurationName = Release;
		};
		24EFA24F23A4E65F00BEDF29 /* Build configuration list for PBXNativeTarget "ClosedTests" */ = {
			isa = XCConfigurationList;
			buildConfigurations = (
				24EFA25023A4E65F00BEDF29 /* Debug */,
				24EFA25123A4E65F00BEDF29 /* Release */,
			);
			defaultConfigurationIsVisible = 0;
			defaultConfigurationName = Release;
		};
/* End XCConfigurationList section */
	};
	rootObject = 24EFA22523A4E65C00BEDF29 /* Project object */;
}
